
Microsoft Visual Studio Solution File, Format Version 12.00
# Visual Studio Version 17
VisualStudioVersion = 17.2.32519.379
MinimumVisualStudioVersion = 10.0.40219.1
Project("{FAE04EC0-301F-11D3-BF4B-00C04F79EFBC}") = "WheelProtection.Queues", "WheelProtection.Queues\WheelProtection.Queues.csproj", "{27F512C7-13FF-4903-AB0C-B024DF3EB2BC}"
EndProject
Global
	GlobalSection(SolutionConfigurationPlatforms) = preSolution
		Debug|Any CPU = Debug|Any CPU
		Release|Any CPU = Release|Any CPU
	EndGlobalSection
	GlobalSection(ProjectConfigurationPlatforms) = postSolution
		{27F512C7-13FF-4903-AB0C-B024DF3EB2BC}.Debug|Any CPU.ActiveCfg = Debug|Any CPU
		{27F512C7-13FF-4903-AB0C-B024DF3EB2BC}.Debug|Any CPU.Build.0 = Debug|Any CPU
		{27F512C7-13FF-4903-AB0C-B024DF3EB2BC}.Release|Any CPU.ActiveCfg = Release|Any CPU
		{27F512C7-13FF-4903-AB0C-B024DF3EB2BC}.Release|Any CPU.Build.0 = Release|Any CPU
	EndGlobalSection
	GlobalSection(SolutionProperties) = preSolution
		HideSolutionNode = FALSE
	EndGlobalSection
	GlobalSection(ExtensibilityGlobals) = postSolution
		SolutionGuid = {25E57E06-DAF7-451A-8700-94504FB425F6}
	EndGlobalSection
EndGlobal
